speakeasyVersion: 1.771.0
sources:
    Factuarea Public API:
        sourceNamespace: factuarea-public-api
        sourceRevisionDigest: sha256:f4246762614a1b861463d9a9b4ab1de6b8841753bf25ff23d1cab49d237e5df3
        sourceBlobDigest: sha256:12b537032c1ba4d60af9e8ce4fff1a9a70128af85bea617d0d08993c16b9adce
        tags:
            - latest
            - main
            - 1.0.0
targets:
    factuarea:
        source: Factuarea Public API
        sourceNamespace: factuarea-public-api
        sourceRevisionDigest: sha256:f4246762614a1b861463d9a9b4ab1de6b8841753bf25ff23d1cab49d237e5df3
        sourceBlobDigest: sha256:12b537032c1ba4d60af9e8ce4fff1a9a70128af85bea617d0d08993c16b9adce
        codeSamplesNamespace: factuarea-public-api-php-code-samples
        codeSamplesRevisionDigest: sha256:8e357f63ec63518b2bc25d0e6f5afbe01a42977cf9c3610de1c8bed72e406821
workflow:
    workflowVersion: 1.0.0
    speakeasyVersion: latest
    sources:
        Factuarea Public API:
            inputs:
                - location: spec/openapi.json
            overlays:
                - location: .speakeasy/overlays/retry-status-code-casing.yaml
            output: .speakeasy/out.openapi.yaml
            registry:
                location: registry.speakeasyapi.dev/factuarea/factuarea/factuarea-public-api
    targets:
        factuarea:
            target: php
            source: Factuarea Public API
            codeSamples:
                registry:
                    location: registry.speakeasyapi.dev/factuarea/factuarea/factuarea-public-api-php-code-samples
                labelOverride:
                    fixedValue: Php (SDK)
                blocking: false
