speakeasyVersion: 1.798.0
sources:
    Factuarea Public API:
        sourceNamespace: factuarea-public-api
        sourceRevisionDigest: sha256:6eccf26256050daf146bddbd3da601a6ad55bebffb73f60b6ca3be16d732d738
        sourceBlobDigest: sha256:81982fba9dd7211ac24f16bf980397c3a7ec6d2fa8891424c57a2d365762caf4
        tags:
            - latest
            - 1.0.0
targets:
    factuarea:
        source: Factuarea Public API
        sourceNamespace: factuarea-public-api
        sourceRevisionDigest: sha256:6eccf26256050daf146bddbd3da601a6ad55bebffb73f60b6ca3be16d732d738
        sourceBlobDigest: sha256:81982fba9dd7211ac24f16bf980397c3a7ec6d2fa8891424c57a2d365762caf4
        codeSamplesNamespace: factuarea-public-api-php-code-samples
        codeSamplesRevisionDigest: sha256:255539b546df1ba5a2af8447eb82d0d60c126975879cb13f0c16773be2dc379e
workflow:
    workflowVersion: 1.0.0
    speakeasyVersion: latest
    sources:
        Factuarea Public API:
            inputs:
                - location: spec/openapi.json
            overlays:
                - location: .speakeasy/overlays/retry-status-code-casing.yaml
                - location: .speakeasy/overlays/product-options-namespace.yaml
                - location: .speakeasy/overlays/drop-speakeasy-pagination.yaml
            output: .speakeasy/out.openapi.yaml
            registry:
                location: registry.speakeasyapi.dev/factuarea/factuarea/factuarea-public-api
    targets:
        factuarea:
            target: php
            source: Factuarea Public API
            codeSamples:
                registry:
                    location: registry.speakeasyapi.dev/factuarea/factuarea/factuarea-public-api-php-code-samples
                labelOverride:
                    fixedValue: Php (SDK)
                blocking: false
