speakeasyVersion: 1.801.0
sources:
    Factuarea Public API:
        sourceNamespace: factuarea-public-api
        sourceRevisionDigest: sha256:e072f25142d8f5e41ebd07672c70a11c488aa8e6e7d30910db379f17dbd99611
        sourceBlobDigest: sha256:476b1b19cecf625539a3e9bf933b9805eaccbab73b5e04934a35e899f041b233
        tags:
            - latest
            - main
            - 1.0.0
targets:
    factuarea:
        source: Factuarea Public API
        sourceNamespace: factuarea-public-api
        sourceRevisionDigest: sha256:e072f25142d8f5e41ebd07672c70a11c488aa8e6e7d30910db379f17dbd99611
        sourceBlobDigest: sha256:476b1b19cecf625539a3e9bf933b9805eaccbab73b5e04934a35e899f041b233
        codeSamplesNamespace: factuarea-public-api-php-code-samples
        codeSamplesRevisionDigest: sha256:a187278b853adecd661af402de78505f5f7245e10cbfeda9e70b16cdd7251cdc
workflow:
    workflowVersion: 1.0.0
    speakeasyVersion: latest
    sources:
        Factuarea Public API:
            inputs:
                - location: spec/openapi.json
            overlays:
                - location: .speakeasy/overlays/retry-status-code-casing.yaml
                - location: .speakeasy/overlays/product-options-namespace.yaml
                - location: .speakeasy/overlays/drop-speakeasy-pagination.yaml
            output: .speakeasy/out.openapi.yaml
            registry:
                location: registry.speakeasyapi.dev/factuarea/factuarea/factuarea-public-api
    targets:
        factuarea:
            target: php
            source: Factuarea Public API
            codeSamples:
                registry:
                    location: registry.speakeasyapi.dev/factuarea/factuarea/factuarea-public-api-php-code-samples
                labelOverride:
                    fixedValue: Php (SDK)
                blocking: false
